
Microsoft Visual Studio Solution File, Format Version 12.00
# Visual Studio Version 17
VisualStudioVersion = 17.0.31903.59
MinimumVisualStudioVersion = 10.0.40219.1
Project("{FAE04EC0-301F-11D3-BF4B-00C04F79EFBC}") = "Tradurre", "Tradurre\Tradurre.csproj", "{93F426C4-E914-7C53-31AB-E5BA4196CD10}"
EndProject
Project("{FAE04EC0-301F-11D3-BF4B-00C04F79EFBC}") = "translate", "translate\translate.csproj", "{6C26366F-23D3-D5F6-8CFA-DF36D5C918F7}"
EndProject
Project("{FAE04EC0-301F-11D3-BF4B-00C04F79EFBC}") = "Microsoft.SqlServer", "Microsoft.SqlServer\Microsoft.SqlServer.csproj", "{CAF175A2-3529-040B-722A-619F93579CA6}"
EndProject
Project("{FAE04EC0-301F-11D3-BF4B-00C04F79EFBC}") = "PostgreSql", "PostgreSql\PostgreSql.csproj", "{A1C563ED-213E-E6DA-4200-B1FAD38F5102}"
EndProject
Project("{FAE04EC0-301F-11D3-BF4B-00C04F79EFBC}") = "Microsoft.SqlServerTests", "..\tests\Microsoft.SqlserverTests\Microsoft.SqlServerTests.csproj", "{D795FA97-341F-F77A-EB0C-1AED55C4E491}"
EndProject
Project("{2150E333-8FDC-42A3-9474-1A3956D46DE8}") = "_tests", "_tests", "{02EA681E-C7D8-13C7-8484-4AC65E1B71E8}"
EndProject
Project("{2150E333-8FDC-42A3-9474-1A3956D46DE8}") = "src", "src", "{A0CBF8F0-B32E-4355-95D7-37A78FBD9C9F}"
EndProject
Project("{2150E333-8FDC-42A3-9474-1A3956D46DE8}") = "extensions", "extensions", "{A843AC7B-C715-4687-8624-6126B757C02A}"
EndProject
Project("{2150E333-8FDC-42A3-9474-1A3956D46DE8}") = "core", "core", "{DEC6F9E7-6FCB-4B8E-8147-7435C7E818CB}"
EndProject
Project("{FAE04EC0-301F-11D3-BF4B-00C04F79EFBC}") = "Amazon.Redshift", "Amazon.Redshift\Amazon.Redshift.csproj", "{785A5DD8-31A6-DED2-7224-7F96A820E752}"
EndProject
Project("{FAE04EC0-301F-11D3-BF4B-00C04F79EFBC}") = "Apache.Flink", "Apache.Flink\Apache.Flink.csproj", "{9C4A0B4A-9F1D-BE41-9B17-AD74728FA53D}"
EndProject
Project("{FAE04EC0-301F-11D3-BF4B-00C04F79EFBC}") = "Apache.Hive", "Apache.Hive\Apache.Hive.csproj", "{2A70C8D7-02F2-27F9-37B6-F96AEF261993}"
EndProject
Project("{FAE04EC0-301F-11D3-BF4B-00C04F79EFBC}") = "Apache.Impala", "Apache.Impala\Apache.Impala.csproj", "{8C248918-4853-4C28-9CB0-200A107A3ECD}"
EndProject
Project("{FAE04EC0-301F-11D3-BF4B-00C04F79EFBC}") = "Azure.Synapse.Analytics", "Azure.Synapse.Analytics\Azure.Synapse.Analytics.csproj", "{B5AEF5A7-0B4E-162F-B629-6F53ABC9AA18}"
EndProject
Project("{FAE04EC0-301F-11D3-BF4B-00C04F79EFBC}") = "ClickHouse", "ClickHouse\ClickHouse.csproj", "{DEB84D7D-A7C5-6BD5-710A-3D2B311ECE77}"
EndProject
Project("{FAE04EC0-301F-11D3-BF4B-00C04F79EFBC}") = "Databricks", "Databricks\Databricks.csproj", "{575922B2-4689-CD4F-E657-E78ADFE02809}"
EndProject
Project("{FAE04EC0-301F-11D3-BF4B-00C04F79EFBC}") = "DuckDB", "DuckDB\DuckDB.csproj", "{EDA5CC09-9AEF-6EC0-51C7-D7C06EC9580A}"
EndProject
Project("{FAE04EC0-301F-11D3-BF4B-00C04F79EFBC}") = "Google.BigQuery", "Google.BigQuery\Google.BigQuery.csproj", "{A3A1B825-2ACD-7D92-E645-B55372A6CAD0}"
EndProject
Project("{FAE04EC0-301F-11D3-BF4B-00C04F79EFBC}") = "IBM.Db2", "IBM.Db2\IBM.Db2.csproj", "{BB2579D5-763F-4FF7-A6F5-FAB595D6F53F}"
EndProject
Project("{FAE04EC0-301F-11D3-BF4B-00C04F79EFBC}") = "IBM.Netezza", "IBM.Netezza\IBM.Netezza.csproj", "{C29CF563-451F-17A5-3667-B84A56C9D151}"
EndProject
Project("{FAE04EC0-301F-11D3-BF4B-00C04F79EFBC}") = "MariaDB", "MariaDB\MariaDB.csproj", "{53D543C4-3237-3F5B-C19F-8EC551D1D4A1}"
EndProject
Project("{FAE04EC0-301F-11D3-BF4B-00C04F79EFBC}") = "MySQL", "MySQL\MySQL.csproj", "{8014B614-81AC-8DC0-0D77-F6043D9C53AC}"
EndProject
Project("{FAE04EC0-301F-11D3-BF4B-00C04F79EFBC}") = "Oracle", "Oracle\Oracle.csproj", "{B0DF240D-7D20-B259-F35C-5750A5869A3B}"
EndProject
Project("{FAE04EC0-301F-11D3-BF4B-00C04F79EFBC}") = "PrestoDB", "PrestoDB\PrestoDB.csproj", "{91D29E58-4688-BCAF-8846-E37CE902B329}"
EndProject
Project("{FAE04EC0-301F-11D3-BF4B-00C04F79EFBC}") = "SAP.HANA", "SAP.HANA\SAP.HANA.csproj", "{1CF9702D-02BF-27C2-C5B9-B504ED16C32B}"
EndProject
Project("{FAE04EC0-301F-11D3-BF4B-00C04F79EFBC}") = "Snowflake", "Snowflake\Snowflake.csproj", "{C3C95FE8-4498-5CF4-BD88-AEAF9BE49129}"
EndProject
Project("{FAE04EC0-301F-11D3-BF4B-00C04F79EFBC}") = "SQLite", "SQLite\SQLite.csproj", "{C4F0912A-6BBF-9FEA-533E-67BCAE3081D5}"
EndProject
Project("{FAE04EC0-301F-11D3-BF4B-00C04F79EFBC}") = "Tanzu.Greenplum", "Tanzu.Greenplum\Tanzu.Greenplum.csproj", "{E956D98D-4517-82BC-1595-3425ABFF24CE}"
EndProject
Project("{FAE04EC0-301F-11D3-BF4B-00C04F79EFBC}") = "Teradata", "Teradata\Teradata.csproj", "{5DB1E136-B7A9-77FE-4A03-B920A7737ACB}"
EndProject
Project("{FAE04EC0-301F-11D3-BF4B-00C04F79EFBC}") = "Vertica", "Vertica\Vertica.csproj", "{773DA808-4D51-FE14-4143-69E9F6CD3BA5}"
EndProject
Global
	GlobalSection(SolutionConfigurationPlatforms) = preSolution
		Debug|Any CPU = Debug|Any CPU
		Release|Any CPU = Release|Any CPU
	EndGlobalSection
	GlobalSection(ProjectConfigurationPlatforms) = postSolution
		{93F426C4-E914-7C53-31AB-E5BA4196CD10}.Debug|Any CPU.ActiveCfg = Debug|Any CPU
		{93F426C4-E914-7C53-31AB-E5BA4196CD10}.Debug|Any CPU.Build.0 = Debug|Any CPU
		{93F426C4-E914-7C53-31AB-E5BA4196CD10}.Release|Any CPU.ActiveCfg = Release|Any CPU
		{93F426C4-E914-7C53-31AB-E5BA4196CD10}.Release|Any CPU.Build.0 = Release|Any CPU
		{6C26366F-23D3-D5F6-8CFA-DF36D5C918F7}.Debug|Any CPU.ActiveCfg = Debug|Any CPU
		{6C26366F-23D3-D5F6-8CFA-DF36D5C918F7}.Debug|Any CPU.Build.0 = Debug|Any CPU
		{6C26366F-23D3-D5F6-8CFA-DF36D5C918F7}.Release|Any CPU.ActiveCfg = Release|Any CPU
		{6C26366F-23D3-D5F6-8CFA-DF36D5C918F7}.Release|Any CPU.Build.0 = Release|Any CPU
		{CAF175A2-3529-040B-722A-619F93579CA6}.Debug|Any CPU.ActiveCfg = Debug|Any CPU
		{CAF175A2-3529-040B-722A-619F93579CA6}.Debug|Any CPU.Build.0 = Debug|Any CPU
		{CAF175A2-3529-040B-722A-619F93579CA6}.Release|Any CPU.ActiveCfg = Release|Any CPU
		{CAF175A2-3529-040B-722A-619F93579CA6}.Release|Any CPU.Build.0 = Release|Any CPU
		{A1C563ED-213E-E6DA-4200-B1FAD38F5102}.Debug|Any CPU.ActiveCfg = Debug|Any CPU
		{A1C563ED-213E-E6DA-4200-B1FAD38F5102}.Debug|Any CPU.Build.0 = Debug|Any CPU
		{A1C563ED-213E-E6DA-4200-B1FAD38F5102}.Release|Any CPU.ActiveCfg = Release|Any CPU
		{A1C563ED-213E-E6DA-4200-B1FAD38F5102}.Release|Any CPU.Build.0 = Release|Any CPU
		{D795FA97-341F-F77A-EB0C-1AED55C4E491}.Debug|Any CPU.ActiveCfg = Debug|Any CPU
		{D795FA97-341F-F77A-EB0C-1AED55C4E491}.Debug|Any CPU.Build.0 = Debug|Any CPU
		{D795FA97-341F-F77A-EB0C-1AED55C4E491}.Release|Any CPU.ActiveCfg = Release|Any CPU
		{D795FA97-341F-F77A-EB0C-1AED55C4E491}.Release|Any CPU.Build.0 = Release|Any CPU
		{785A5DD8-31A6-DED2-7224-7F96A820E752}.Debug|Any CPU.ActiveCfg = Debug|Any CPU
		{785A5DD8-31A6-DED2-7224-7F96A820E752}.Debug|Any CPU.Build.0 = Debug|Any CPU
		{785A5DD8-31A6-DED2-7224-7F96A820E752}.Release|Any CPU.ActiveCfg = Release|Any CPU
		{785A5DD8-31A6-DED2-7224-7F96A820E752}.Release|Any CPU.Build.0 = Release|Any CPU
		{9C4A0B4A-9F1D-BE41-9B17-AD74728FA53D}.Debug|Any CPU.ActiveCfg = Debug|Any CPU
		{9C4A0B4A-9F1D-BE41-9B17-AD74728FA53D}.Debug|Any CPU.Build.0 = Debug|Any CPU
		{9C4A0B4A-9F1D-BE41-9B17-AD74728FA53D}.Release|Any CPU.ActiveCfg = Release|Any CPU
		{9C4A0B4A-9F1D-BE41-9B17-AD74728FA53D}.Release|Any CPU.Build.0 = Release|Any CPU
		{2A70C8D7-02F2-27F9-37B6-F96AEF261993}.Debug|Any CPU.ActiveCfg = Debug|Any CPU
		{2A70C8D7-02F2-27F9-37B6-F96AEF261993}.Debug|Any CPU.Build.0 = Debug|Any CPU
		{2A70C8D7-02F2-27F9-37B6-F96AEF261993}.Release|Any CPU.ActiveCfg = Release|Any CPU
		{2A70C8D7-02F2-27F9-37B6-F96AEF261993}.Release|Any CPU.Build.0 = Release|Any CPU
		{8C248918-4853-4C28-9CB0-200A107A3ECD}.Debug|Any CPU.ActiveCfg = Debug|Any CPU
		{8C248918-4853-4C28-9CB0-200A107A3ECD}.Debug|Any CPU.Build.0 = Debug|Any CPU
		{8C248918-4853-4C28-9CB0-200A107A3ECD}.Release|Any CPU.ActiveCfg = Release|Any CPU
		{8C248918-4853-4C28-9CB0-200A107A3ECD}.Release|Any CPU.Build.0 = Release|Any CPU
		{B5AEF5A7-0B4E-162F-B629-6F53ABC9AA18}.Debug|Any CPU.ActiveCfg = Debug|Any CPU
		{B5AEF5A7-0B4E-162F-B629-6F53ABC9AA18}.Debug|Any CPU.Build.0 = Debug|Any CPU
		{B5AEF5A7-0B4E-162F-B629-6F53ABC9AA18}.Release|Any CPU.ActiveCfg = Release|Any CPU
		{B5AEF5A7-0B4E-162F-B629-6F53ABC9AA18}.Release|Any CPU.Build.0 = Release|Any CPU
		{DEB84D7D-A7C5-6BD5-710A-3D2B311ECE77}.Debug|Any CPU.ActiveCfg = Debug|Any CPU
		{DEB84D7D-A7C5-6BD5-710A-3D2B311ECE77}.Debug|Any CPU.Build.0 = Debug|Any CPU
		{DEB84D7D-A7C5-6BD5-710A-3D2B311ECE77}.Release|Any CPU.ActiveCfg = Release|Any CPU
		{DEB84D7D-A7C5-6BD5-710A-3D2B311ECE77}.Release|Any CPU.Build.0 = Release|Any CPU
		{575922B2-4689-CD4F-E657-E78ADFE02809}.Debug|Any CPU.ActiveCfg = Debug|Any CPU
		{575922B2-4689-CD4F-E657-E78ADFE02809}.Debug|Any CPU.Build.0 = Debug|Any CPU
		{575922B2-4689-CD4F-E657-E78ADFE02809}.Release|Any CPU.ActiveCfg = Release|Any CPU
		{575922B2-4689-CD4F-E657-E78ADFE02809}.Release|Any CPU.Build.0 = Release|Any CPU
		{EDA5CC09-9AEF-6EC0-51C7-D7C06EC9580A}.Debug|Any CPU.ActiveCfg = Debug|Any CPU
		{EDA5CC09-9AEF-6EC0-51C7-D7C06EC9580A}.Debug|Any CPU.Build.0 = Debug|Any CPU
		{EDA5CC09-9AEF-6EC0-51C7-D7C06EC9580A}.Release|Any CPU.ActiveCfg = Release|Any CPU
		{EDA5CC09-9AEF-6EC0-51C7-D7C06EC9580A}.Release|Any CPU.Build.0 = Release|Any CPU
		{A3A1B825-2ACD-7D92-E645-B55372A6CAD0}.Debug|Any CPU.ActiveCfg = Debug|Any CPU
		{A3A1B825-2ACD-7D92-E645-B55372A6CAD0}.Debug|Any CPU.Build.0 = Debug|Any CPU
		{A3A1B825-2ACD-7D92-E645-B55372A6CAD0}.Release|Any CPU.ActiveCfg = Release|Any CPU
		{A3A1B825-2ACD-7D92-E645-B55372A6CAD0}.Release|Any CPU.Build.0 = Release|Any CPU
		{BB2579D5-763F-4FF7-A6F5-FAB595D6F53F}.Debug|Any CPU.ActiveCfg = Debug|Any CPU
		{BB2579D5-763F-4FF7-A6F5-FAB595D6F53F}.Debug|Any CPU.Build.0 = Debug|Any CPU
		{BB2579D5-763F-4FF7-A6F5-FAB595D6F53F}.Release|Any CPU.ActiveCfg = Release|Any CPU
		{BB2579D5-763F-4FF7-A6F5-FAB595D6F53F}.Release|Any CPU.Build.0 = Release|Any CPU
		{C29CF563-451F-17A5-3667-B84A56C9D151}.Debug|Any CPU.ActiveCfg = Debug|Any CPU
		{C29CF563-451F-17A5-3667-B84A56C9D151}.Debug|Any CPU.Build.0 = Debug|Any CPU
		{C29CF563-451F-17A5-3667-B84A56C9D151}.Release|Any CPU.ActiveCfg = Release|Any CPU
		{C29CF563-451F-17A5-3667-B84A56C9D151}.Release|Any CPU.Build.0 = Release|Any CPU
		{53D543C4-3237-3F5B-C19F-8EC551D1D4A1}.Debug|Any CPU.ActiveCfg = Debug|Any CPU
		{53D543C4-3237-3F5B-C19F-8EC551D1D4A1}.Debug|Any CPU.Build.0 = Debug|Any CPU
		{53D543C4-3237-3F5B-C19F-8EC551D1D4A1}.Release|Any CPU.ActiveCfg = Release|Any CPU
		{53D543C4-3237-3F5B-C19F-8EC551D1D4A1}.Release|Any CPU.Build.0 = Release|Any CPU
		{8014B614-81AC-8DC0-0D77-F6043D9C53AC}.Debug|Any CPU.ActiveCfg = Debug|Any CPU
		{8014B614-81AC-8DC0-0D77-F6043D9C53AC}.Debug|Any CPU.Build.0 = Debug|Any CPU
		{8014B614-81AC-8DC0-0D77-F6043D9C53AC}.Release|Any CPU.ActiveCfg = Release|Any CPU
		{8014B614-81AC-8DC0-0D77-F6043D9C53AC}.Release|Any CPU.Build.0 = Release|Any CPU
		{B0DF240D-7D20-B259-F35C-5750A5869A3B}.Debug|Any CPU.ActiveCfg = Debug|Any CPU
		{B0DF240D-7D20-B259-F35C-5750A5869A3B}.Debug|Any CPU.Build.0 = Debug|Any CPU
		{B0DF240D-7D20-B259-F35C-5750A5869A3B}.Release|Any CPU.ActiveCfg = Release|Any CPU
		{B0DF240D-7D20-B259-F35C-5750A5869A3B}.Release|Any CPU.Build.0 = Release|Any CPU
		{91D29E58-4688-BCAF-8846-E37CE902B329}.Debug|Any CPU.ActiveCfg = Debug|Any CPU
		{91D29E58-4688-BCAF-8846-E37CE902B329}.Debug|Any CPU.Build.0 = Debug|Any CPU
		{91D29E58-4688-BCAF-8846-E37CE902B329}.Release|Any CPU.ActiveCfg = Release|Any CPU
		{91D29E58-4688-BCAF-8846-E37CE902B329}.Release|Any CPU.Build.0 = Release|Any CPU
		{1CF9702D-02BF-27C2-C5B9-B504ED16C32B}.Debug|Any CPU.ActiveCfg = Debug|Any CPU
		{1CF9702D-02BF-27C2-C5B9-B504ED16C32B}.Debug|Any CPU.Build.0 = Debug|Any CPU
		{1CF9702D-02BF-27C2-C5B9-B504ED16C32B}.Release|Any CPU.ActiveCfg = Release|Any CPU
		{1CF9702D-02BF-27C2-C5B9-B504ED16C32B}.Release|Any CPU.Build.0 = Release|Any CPU
		{C3C95FE8-4498-5CF4-BD88-AEAF9BE49129}.Debug|Any CPU.ActiveCfg = Debug|Any CPU
		{C3C95FE8-4498-5CF4-BD88-AEAF9BE49129}.Debug|Any CPU.Build.0 = Debug|Any CPU
		{C3C95FE8-4498-5CF4-BD88-AEAF9BE49129}.Release|Any CPU.ActiveCfg = Release|Any CPU
		{C3C95FE8-4498-5CF4-BD88-AEAF9BE49129}.Release|Any CPU.Build.0 = Release|Any CPU
		{C4F0912A-6BBF-9FEA-533E-67BCAE3081D5}.Debug|Any CPU.ActiveCfg = Debug|Any CPU
		{C4F0912A-6BBF-9FEA-533E-67BCAE3081D5}.Debug|Any CPU.Build.0 = Debug|Any CPU
		{C4F0912A-6BBF-9FEA-533E-67BCAE3081D5}.Release|Any CPU.ActiveCfg = Release|Any CPU
		{C4F0912A-6BBF-9FEA-533E-67BCAE3081D5}.Release|Any CPU.Build.0 = Release|Any CPU
		{E956D98D-4517-82BC-1595-3425ABFF24CE}.Debug|Any CPU.ActiveCfg = Debug|Any CPU
		{E956D98D-4517-82BC-1595-3425ABFF24CE}.Debug|Any CPU.Build.0 = Debug|Any CPU
		{E956D98D-4517-82BC-1595-3425ABFF24CE}.Release|Any CPU.ActiveCfg = Release|Any CPU
		{E956D98D-4517-82BC-1595-3425ABFF24CE}.Release|Any CPU.Build.0 = Release|Any CPU
		{5DB1E136-B7A9-77FE-4A03-B920A7737ACB}.Debug|Any CPU.ActiveCfg = Debug|Any CPU
		{5DB1E136-B7A9-77FE-4A03-B920A7737ACB}.Debug|Any CPU.Build.0 = Debug|Any CPU
		{5DB1E136-B7A9-77FE-4A03-B920A7737ACB}.Release|Any CPU.ActiveCfg = Release|Any CPU
		{5DB1E136-B7A9-77FE-4A03-B920A7737ACB}.Release|Any CPU.Build.0 = Release|Any CPU
		{773DA808-4D51-FE14-4143-69E9F6CD3BA5}.Debug|Any CPU.ActiveCfg = Debug|Any CPU
		{773DA808-4D51-FE14-4143-69E9F6CD3BA5}.Debug|Any CPU.Build.0 = Debug|Any CPU
		{773DA808-4D51-FE14-4143-69E9F6CD3BA5}.Release|Any CPU.ActiveCfg = Release|Any CPU
		{773DA808-4D51-FE14-4143-69E9F6CD3BA5}.Release|Any CPU.Build.0 = Release|Any CPU
	EndGlobalSection
	GlobalSection(SolutionProperties) = preSolution
		HideSolutionNode = FALSE
	EndGlobalSection
	GlobalSection(NestedProjects) = preSolution
		{93F426C4-E914-7C53-31AB-E5BA4196CD10} = {DEC6F9E7-6FCB-4B8E-8147-7435C7E818CB}
		{6C26366F-23D3-D5F6-8CFA-DF36D5C918F7} = {DEC6F9E7-6FCB-4B8E-8147-7435C7E818CB}
		{CAF175A2-3529-040B-722A-619F93579CA6} = {A843AC7B-C715-4687-8624-6126B757C02A}
		{A1C563ED-213E-E6DA-4200-B1FAD38F5102} = {A843AC7B-C715-4687-8624-6126B757C02A}
		{D795FA97-341F-F77A-EB0C-1AED55C4E491} = {02EA681E-C7D8-13C7-8484-4AC65E1B71E8}
		{A843AC7B-C715-4687-8624-6126B757C02A} = {A0CBF8F0-B32E-4355-95D7-37A78FBD9C9F}
		{DEC6F9E7-6FCB-4B8E-8147-7435C7E818CB} = {A0CBF8F0-B32E-4355-95D7-37A78FBD9C9F}
		{785A5DD8-31A6-DED2-7224-7F96A820E752} = {A843AC7B-C715-4687-8624-6126B757C02A}
		{9C4A0B4A-9F1D-BE41-9B17-AD74728FA53D} = {A843AC7B-C715-4687-8624-6126B757C02A}
		{2A70C8D7-02F2-27F9-37B6-F96AEF261993} = {A843AC7B-C715-4687-8624-6126B757C02A}
		{8C248918-4853-4C28-9CB0-200A107A3ECD} = {A843AC7B-C715-4687-8624-6126B757C02A}
		{B5AEF5A7-0B4E-162F-B629-6F53ABC9AA18} = {A843AC7B-C715-4687-8624-6126B757C02A}
		{DEB84D7D-A7C5-6BD5-710A-3D2B311ECE77} = {A843AC7B-C715-4687-8624-6126B757C02A}
		{575922B2-4689-CD4F-E657-E78ADFE02809} = {A843AC7B-C715-4687-8624-6126B757C02A}
		{EDA5CC09-9AEF-6EC0-51C7-D7C06EC9580A} = {A843AC7B-C715-4687-8624-6126B757C02A}
		{A3A1B825-2ACD-7D92-E645-B55372A6CAD0} = {A843AC7B-C715-4687-8624-6126B757C02A}
		{BB2579D5-763F-4FF7-A6F5-FAB595D6F53F} = {A843AC7B-C715-4687-8624-6126B757C02A}
		{C29CF563-451F-17A5-3667-B84A56C9D151} = {A843AC7B-C715-4687-8624-6126B757C02A}
		{53D543C4-3237-3F5B-C19F-8EC551D1D4A1} = {A843AC7B-C715-4687-8624-6126B757C02A}
		{8014B614-81AC-8DC0-0D77-F6043D9C53AC} = {A843AC7B-C715-4687-8624-6126B757C02A}
		{B0DF240D-7D20-B259-F35C-5750A5869A3B} = {A843AC7B-C715-4687-8624-6126B757C02A}
		{91D29E58-4688-BCAF-8846-E37CE902B329} = {A843AC7B-C715-4687-8624-6126B757C02A}
		{1CF9702D-02BF-27C2-C5B9-B504ED16C32B} = {A843AC7B-C715-4687-8624-6126B757C02A}
		{C3C95FE8-4498-5CF4-BD88-AEAF9BE49129} = {A843AC7B-C715-4687-8624-6126B757C02A}
		{C4F0912A-6BBF-9FEA-533E-67BCAE3081D5} = {A843AC7B-C715-4687-8624-6126B757C02A}
		{E956D98D-4517-82BC-1595-3425ABFF24CE} = {A843AC7B-C715-4687-8624-6126B757C02A}
		{5DB1E136-B7A9-77FE-4A03-B920A7737ACB} = {A843AC7B-C715-4687-8624-6126B757C02A}
		{773DA808-4D51-FE14-4143-69E9F6CD3BA5} = {A843AC7B-C715-4687-8624-6126B757C02A}
	EndGlobalSection
	GlobalSection(ExtensibilityGlobals) = postSolution
		SolutionGuid = {524771DC-684B-4733-8461-AC69C02A34F2}
	EndGlobalSection
EndGlobal
